// !$*UTF8*$!
{
	archiveVersion = 1;
	classes = {
	};
	objectVersion = 77;
	objects = {

/* Begin PBXContainerItemProxy section */
		3FECBB4B2DDE40B6006FC78F /* PBXContainerItemProxy */ = {
			isa = PBXContainerItemProxy;
			containerPortal = 3FECBB292DDE40B4006FC78F /* Project object */;
			proxyType = 1;
			remoteGlobalIDString = 3FECBB302DDE40B4006FC78F;
			remoteInfo = AuctionAppDemo;
		};
		3FECBB552DDE40B6006FC78F /* PBXContainerItemProxy */ = {
			isa = PBXContainerItemProxy;
			containerPortal = 3FECBB292DDE40B4006FC78F /* Project object */;
			proxyType = 1;
			remoteGlobalIDString = 3FECBB302DDE40B4006FC78F;
			remoteInfo = AuctionAppDemo;
		};
/* End PBXContainerItemProxy section */

/* Begin PBXFileReference section */
		3FECBB312DDE40B4006FC78F /* AuctionAppDemo.app */ = {isa = PBXFileReference; explicitFileType = wrapper.application; includeInIndex = 0; path = AuctionAppDemo.app; sourceTree = BUILT_PRODUCTS_DIR; };
		3FECBB4A2DDE40B6006FC78F /* AuctionAppDemoTests.xctest */ = {isa = PBXFileReference; explicitFileType = wrapper.cfbundle; includeInIndex = 0; path = AuctionAppDemoTests.xctest; sourceTree = BUILT_PRODUCTS_DIR; };
		3FECBB542DDE40B6006FC78F /* AuctionAppDemoUITests.xctest */ = {isa = PBXFileReference; explicitFileType = wrapper.cfbundle; includeInIndex = 0; path = AuctionAppDemoUITests.xctest; sourceTree = BUILT_PRODUCTS_DIR; };
/* End PBXFileReference section */

/* Begin PBXFileSystemSynchronizedBuildFileExceptionSet section */
		3FECBB5C2DDE40B6006FC78F /* Exceptions for "AuctionAppDemo" folder in "AuctionAppDemo" target */ = {
			isa = PBXFileSystemSynchronizedBuildFileExceptionSet;
			membershipExceptions = (
				Info.plist,
			);
			target = 3FECBB302DDE40B4006FC78F /* AuctionAppDemo */;
		};
/* End PBXFileSystemSynchronizedBuildFileExceptionSet section */

/* Begin PBXFileSystemSynchronizedRootGroup section */
		3FECBB332DDE40B4006FC78F /* AuctionAppDemo */ = {
			isa = PBXFileSystemSynchronizedRootGroup;
			exceptions = (
				3FECBB5C2DDE40B6006FC78F /* Exceptions for "AuctionAppDemo" folder in "AuctionAppDemo" target */,
			);
			path = AuctionAppDemo;
			sourceTree = "<group>";
		};
		3FECBB4D2DDE40B6006FC78F /* AuctionAppDemoTests */ = {
			isa = PBXFileSystemSynchronizedRootGroup;
			path = AuctionAppDemoTests;
			sourceTree = "<group>";
		};
		3FECBB572DDE40B6006FC78F /* AuctionAppDemoUITests */ = {
			isa = PBXFileSystemSynchronizedRootGroup;
			path = AuctionAppDemoUITests;
			sourceTree = "<group>";
		};
/* End PBXFileSystemSynchronizedRootGroup section */

/* Begin PBXFrameworksBuildPhase section */
		3FECBB2E2DDE40B4006FC78F /* Frameworks */ = {
			isa = PBXFrameworksBuildPhase;
			buildActionMask = 2147483647;
			files = (
			);
			runOnlyForDeploymentPostprocessing = 0;
		};
		3FECBB472DDE40B6006FC78F /* Frameworks */ = {
			isa = PBXFrameworksBuildPhase;
			buildActionMask = 2147483647;
			files = (
			);
			runOnlyForDeploymentPostprocessing = 0;
		};
		3FECBB512DDE40B6006FC78F /* Frameworks */ = {
			isa = PBXFrameworksBuildPhase;
			buildActionMask = 2147483647;
			files = (
			);
			runOnlyForDeploymentPostprocessing = 0;
		};
/* End PBXFrameworksBuildPhase section */

/* Begin PBXGroup section */
		3FECBB282DDE40B4006FC78F = {
			isa = PBXGroup;
			children = (
				3FECBB332DDE40B4006FC78F /* AuctionAppDemo */,
				3FECBB4D2DDE40B6006FC78F /* AuctionAppDemoTests */,
				3FECBB572DDE40B6006FC78F /* AuctionAppDemoUITests */,
				3FECBB322DDE40B4006FC78F /* Products */,
			);
			sourceTree = "<group>";
		};
		3FECBB322DDE40B4006FC78F /* Products */ = {
			isa = PBXGroup;
			children = (
				3FECBB312DDE40B4006FC78F /* AuctionAppDemo.app */,
				3FECBB4A2DDE40B6006FC78F /* AuctionAppDemoTests.xctest */,
				3FECBB542DDE40B6006FC78F /* AuctionAppDemoUITests.xctest */,
			);
			name = Products;
			sourceTree = "<group>";
		};
/* End PBXGroup section */

/* Begin PBXNativeTarget section */
		3FECBB302DDE40B4006FC78F /* AuctionAppDemo */ = {
			isa = PBXNativeTarget;
			buildConfigurationList = 3FECBB5D2DDE40B6006FC78F /* Build configuration list for PBXNativeTarget "AuctionAppDemo" */;
			buildPhases = (
				3FECBB2D2DDE40B4006FC78F /* Sources */,
				3FECBB2E2DDE40B4006FC78F /* Frameworks */,
				3FECBB2F2DDE40B4006FC78F /* Resources */,
			);
			buildRules = (
			);
			dependencies = (
			);
			fileSystemSynchronizedGroups = (
				3FECBB332DDE40B4006FC78F /* AuctionAppDemo */,
			);
			name = AuctionAppDemo;
			packageProductDependencies = (
			);
			productName = AuctionAppDemo;
			productReference = 3FECBB312DDE40B4006FC78F /* AuctionAppDemo.app */;
			productType = "com.apple.product-type.application";
		};
		3FECBB492DDE40B6006FC78F /* AuctionAppDemoTests */ = {
			isa = PBXNativeTarget;
			buildConfigurationList = 3FECBB622DDE40B6006FC78F /* Build configuration list for PBXNativeTarget "AuctionAppDemoTests" */;
			buildPhases = (
				3FECBB462DDE40B6006FC78F /* Sources */,
				3FECBB472DDE40B6006FC78F /* Frameworks */,
				3FECBB482DDE40B6006FC78F /* Resources */,
			);
			buildRules = (
			);
			dependencies = (
				3FECBB4C2DDE40B6006FC78F /* PBXTargetDependency */,
			);
			fileSystemSynchronizedGroups = (
				3FECBB4D2DDE40B6006FC78F /* AuctionAppDemoTests */,
			);
			name = AuctionAppDemoTests;
			packageProductDependencies = (
			);
			productName = AuctionAppDemoTests;
			productReference = 3FECBB4A2DDE40B6006FC78F /* AuctionAppDemoTests.xctest */;
			productType = "com.apple.product-type.bundle.unit-test";
		};
		3FECBB532DDE40B6006FC78F /* AuctionAppDemoUITests */ = {
			isa = PBXNativeTarget;
			buildConfigurationList = 3FECBB652DDE40B6006FC78F /* Build configuration list for PBXNativeTarget "AuctionAppDemoUITests" */;
			buildPhases = (
				3FECBB502DDE40B6006FC78F /* Sources */,
				3FECBB512DDE40B6006FC78F /* Frameworks */,
				3FECBB522DDE40B6006FC78F /* Resources */,
			);
			buildRules = (
			);
			dependencies = (
				3FECBB562DDE40B6006FC78F /* PBXTargetDependency */,
			);
			fileSystemSynchronizedGroups = (
				3FECBB572DDE40B6006FC78F /* AuctionAppDemoUITests */,
			);
			name = AuctionAppDemoUITests;
			packageProductDependencies = (
			);
			productName = AuctionAppDemoUITests;
			productReference = 3FECBB542DDE40B6006FC78F /* AuctionAppDemoUITests.xctest */;
			productType = "com.apple.product-type.bundle.ui-testing";
		};
/* End PBXNativeTarget section */

/* Begin PBXProject section */
		3FECBB292DDE40B4006FC78F /* Project object */ = {
			isa = PBXProject;
			attributes = {
				BuildIndependentTargetsInParallel = 1;
				LastSwiftUpdateCheck = 1630;
				LastUpgradeCheck = 1630;
				TargetAttributes = {
					3FECBB302DDE40B4006FC78F = {
						CreatedOnToolsVersion = 16.3;
					};
					3FECBB492DDE40B6006FC78F = {
						CreatedOnToolsVersion = 16.3;
						TestTargetID = 3FECBB302DDE40B4006FC78F;
					};
					3FECBB532DDE40B6006FC78F = {
						CreatedOnToolsVersion = 16.3;
						TestTargetID = 3FECBB302DDE40B4006FC78F;
					};
				};
			};
			buildConfigurationList = 3FECBB2C2DDE40B4006FC78F /* Build configuration list for PBXProject "AuctionAppDemo" */;
			developmentRegion = en;
			hasScannedForEncodings = 0;
			knownRegions = (
				en,
				Base,
			);
			mainGroup = 3FECBB282DDE40B4006FC78F;
			minimizedProjectReferenceProxies = 1;
			preferredProjectObjectVersion = 77;
			productRefGroup = 3FECBB322DDE40B4006FC78F /* Products */;
			projectDirPath = "";
			projectRoot = "";
			targets = (
				3FECBB302DDE40B4006FC78F /* AuctionAppDemo */,
				3FECBB492DDE40B6006FC78F /* AuctionAppDemoTests */,
				3FECBB532DDE40B6006FC78F /* AuctionAppDemoUITests */,
			);
		};
/* End PBXProject section */

/* Begin PBXResourcesBuildPhase section */
		3FECBB2F2DDE40B4006FC78F /* Resources */ = {
			isa = PBXResourcesBuildPhase;
			buildActionMask = 2147483647;
			files = (
			);
			runOnlyForDeploymentPostprocessing = 0;
		};
		3FECBB482DDE40B6006FC78F /* Resources */ = {
			isa = PBXResourcesBuildPhase;
			buildActionMask = 2147483647;
			files = (
			);
			runOnlyForDeploymentPostprocessing = 0;
		};
		3FECBB522DDE40B6006FC78F /* Resources */ = {
			isa = PBXResourcesBuildPhase;
			buildActionMask = 2147483647;
			files = (
			);
			runOnlyForDeploymentPostprocessing = 0;
		};
/* End PBXResourcesBuildPhase section */

/* Begin PBXSourcesBuildPhase section */
		3FECBB2D2DDE40B4006FC78F /* Sources */ = {
			isa = PBXSourcesBuildPhase;
			buildActionMask = 2147483647;
			files = (
			);
			runOnlyForDeploymentPostprocessing = 0;
		};
		3FECBB462DDE40B6006FC78F /* Sources */ = {
			isa = PBXSourcesBuildPhase;
			buildActionMask = 2147483647;
			files = (
			);
			runOnlyForDeploymentPostprocessing = 0;
		};
		3FECBB502DDE40B6006FC78F /* Sources */ = {
			isa = PBXSourcesBuildPhase;
			buildActionMask = 2147483647;
			files = (
			);
			runOnlyForDeploymentPostprocessing = 0;
		};
/* End PBXSourcesBuildPhase section */

/* Begin PBXTargetDependency section */
		3FECBB4C2DDE40B6006FC78F /* PBXTargetDependency */ = {
			isa = PBXTargetDependency;
			target = 3FECBB302DDE40B4006FC78F /* AuctionAppDemo */;
			targetProxy = 3FECBB4B2DDE40B6006FC78F /* PBXContainerItemProxy */;
		};
		3FECBB562DDE40B6006FC78F /* PBXTargetDependency */ = {
			isa = PBXTargetDependency;
			target = 3FECBB302DDE40B4006FC78F /* AuctionAppDemo */;
			targetProxy = 3FECBB552DDE40B6006FC78F /* PBXContainerItemProxy */;
		};
/* End PBXTargetDependency section */

/* Begin XCBuildConfiguration section */
		3FECBB5E2DDE40B6006FC78F /* Debug */ = {
			isa = XCBuildConfiguration;
			buildSettings = {
				ASSETCATALOG_COMPILER_APPICON_NAME = AppIcon;
				ASSETCATALOG_COMPILER_GLOBAL_ACCENT_COLOR_NAME = AccentColor;
				CODE_SIGN_STYLE = Automatic;
				CURRENT_PROJECT_VERSION = 1;
				DEVELOPMENT_TEAM = SHRUMP529U;
				GENERATE_INFOPLIST_FILE = YES;
				INFOPLIST_FILE = AuctionAppDemo/Info.plist;
				INFOPLIST_KEY_UIApplicationSupportsIndirectInputEvents = YES;
				INFOPLIST_KEY_UILaunchStoryboardName = LaunchScreen;
				INFOPLIST_KEY_UISupportedInterfaceOrientations_iPad = "UIInterfaceOrientationPortrait UIInterfaceOrientationPortraitUpsideDown UIInterfaceOrientationLandscapeLeft UIInterfaceOrientationLandscapeRight";
				INFOPLIST_KEY_UISupportedInterfaceOrientations_iPhone = "UIInterfaceOrientationPortrait UIInterfaceOrientationLandscapeLeft UIInterfaceOrientationLandscapeRight";
				LD_RUNPATH_SEARCH_PATHS = (
					"$(inherited)",
					"@executable_path/Frameworks",
				);
				MARKETING_VERSION = 1.0;
				PRODUCT_BUNDLE_IDENTIFIER = com.github.penPNG.AuctionAppDemo;
				PRODUCT_NAME = "$(TARGET_NAME)";
				SWIFT_EMIT_LOC_STRINGS = YES;
				SWIFT_VERSION = 5.0;
				TARGETED_DEVICE_FAMILY = "1,2";
			};
			name = Debug;
		};
		3FECBB5F2DDE40B6006FC78F /* Release */ = {
			isa = XCBuildConfiguration;
			buildSettings = {
				ASSETCATALOG_COMPILER_APPICON_NAME = AppIcon;
				ASSETCATALOG_COMPILER_GLOBAL_ACCENT_COLOR_NAME = AccentColor;
				CODE_SIGN_STYLE = Automatic;
				CURRENT_PROJECT_VERSION = 1;
				DEVELOPMENT_TEAM = SHRUMP529U;
				GENERATE_INFOPLIST_FILE = YES;
				INFOPLIST_FILE = AuctionAppDemo/Info.plist;
				INFOPLIST_KEY_UIApplicationSupportsIndirectInputEvents = YES;
				INFOPLIST_KEY_UILaunchStoryboardName = LaunchScreen;
				INFOPLIST_KEY_UISupportedInterfaceOrientations_iPad = "UIInterfaceOrientationPortrait UIInterfaceOrientationPortraitUpsideDown UIInterfaceOrientationLandscapeLeft UIInterfaceOrientationLandscapeRight";
				INFOPLIST_KEY_UISupportedInterfaceOrientations_iPhone = "UIInterfaceOrientationPortrait UIInterfaceOrientationLandscapeLeft UIInterfaceOrientationLandscapeRight";
				LD_RUNPATH_SEARCH_PATHS = (
					"$(inherited)",
					"@executable_path/Frameworks",
				);
				MARKETING_VERSION = 1.0;
				PRODUCT_BUNDLE_IDENTIFIER = com.github.penPNG.AuctionAppDemo;
				PRODUCT_NAME = "$(TARGET_NAME)";
				SWIFT_EMIT_LOC_STRINGS = YES;
				SWIFT_VERSION = 5.0;
				TARGETED_DEVICE_FAMILY = "1,2";
			};
			name = Release;
		};
		3FECBB602DDE40B6006FC78F /* Debug */ = {
			isa = XCBuildConfiguration;
			buildSettings = {
				ALWAYS_SEARCH_USER_PATHS = NO;
				ASSETCATALOG_COMPILER_GENERATE_SWIFT_ASSET_SYMBOL_EXTENSIONS = YES;
				CLANG_ANALYZER_NONNULL = YES;
				CLANG_ANALYZER_NUMBER_OBJECT_CONVERSION = YES_AGGRESSIVE;
				CLANG_CXX_LANGUAGE_STANDARD = "gnu++20";
				CLANG_ENABLE_MODULES = YES;
				CLANG_ENABLE_OBJC_ARC = YES;
				CLANG_ENABLE_OBJC_WEAK = YES;
				CLANG_WARN_BLOCK_CAPTURE_AUTORELEASING = YES;
				CLANG_WARN_BOOL_CONVERSION = YES;
				CLANG_WARN_COMMA = YES;
				CLANG_WARN_CONSTANT_CONVERSION = YES;
				CLANG_WARN_DEPRECATED_OBJC_IMPLEMENTATIONS = YES;
				CLANG_WARN_DIRECT_OBJC_ISA_USAGE = YES_ERROR;
				CLANG_WARN_DOCUMENTATION_COMMENTS = YES;
				CLANG_WARN_EMPTY_BODY = YES;
				CLANG_WARN_ENUM_CONVERSION = YES;
				CLANG_WARN_INFINITE_RECURSION = YES;
				CLANG_WARN_INT_CONVERSION = YES;
				CLANG_WARN_NON_LITERAL_NULL_CONVERSION = YES;
				CLANG_WARN_OBJC_IMPLICIT_RETAIN_SELF = YES;
				CLANG_WARN_OBJC_LITERAL_CONVERSION = YES;
				CLANG_WARN_OBJC_ROOT_CLASS = YES_ERROR;
				CLANG_WARN_QUOTED_INCLUDE_IN_FRAMEWORK_HEADER = YES;
				CLANG_WARN_RANGE_LOOP_ANALYSIS = YES;
				CLANG_WARN_STRICT_PROTOTYPES = YES;
				CLANG_WARN_SUSPICIOUS_MOVE = YES;
				CLANG_WARN_UNGUARDED_AVAILABILITY = YES_AGGRESSIVE;
				CLANG_WARN_UNREACHABLE_CODE = YES;
				CLANG_WARN__DUPLICATE_METHOD_MATCH = YES;
				COPY_PHASE_STRIP = NO;
				DEBUG_INFORMATION_FORMAT = dwarf;
				DEVELOPMENT_TEAM = SHRUMP529U;
				ENABLE_STRICT_OBJC_MSGSEND = YES;
				ENABLE_TESTABILITY = YES;
				ENABLE_USER_SCRIPT_SANDBOXING = YES;
				GCC_C_LANGUAGE_STANDARD = gnu17;
				GCC_DYNAMIC_NO_PIC = NO;
				GCC_NO_COMMON_BLOCKS = YES;
				GCC_OPTIMIZATION_LEVEL = 0;
				GCC_PREPROCESSOR_DEFINITIONS = (
					"DEBUG=1",
					"$(inherited)",
				);
				GCC_WARN_64_TO_32_BIT_CONVERSION = YES;
				GCC_WARN_ABOUT_RETURN_TYPE = YES_ERROR;
				GCC_WARN_UNDECLARED_SELECTOR = YES;
				GCC_WARN_UNINITIALIZED_AUTOS = YES_AGGRESSIVE;
				GCC_WARN_UNUSED_FUNCTION = YES;
				GCC_WARN_UNUSED_VARIABLE = YES;
				IPHONEOS_DEPLOYMENT_TARGET = 18.4;
				LOCALIZATION_PREFERS_STRING_CATALOGS = YES;
				MTL_ENABLE_DEBUG_INFO = INCLUDE_SOURCE;
				MTL_FAST_MATH = YES;
				ONLY_ACTIVE_ARCH = YES;
				SDKROOT = iphoneos;
				SWIFT_ACTIVE_COMPILATION_CONDITIONS = "DEBUG $(inherited)";
				SWIFT_OPTIMIZATION_LEVEL = "-Onone";
			};
			name = Debug;
		};
		3FECBB612DDE40B6006FC78F /* Release */ = {
			isa = XCBuildConfiguration;
			buildSettings = {
				ALWAYS_SEARCH_USER_PATHS = NO;
				ASSETCATALOG_COMPILER_GENERATE_SWIFT_ASSET_SYMBOL_EXTENSIONS = YES;
				CLANG_ANALYZER_NONNULL = YES;
				CLANG_ANALYZER_NUMBER_OBJECT_CONVERSION = YES_AGGRESSIVE;
				CLANG_CXX_LANGUAGE_STANDARD = "gnu++20";
				CLANG_ENABLE_MODULES = YES;
				CLANG_ENABLE_OBJC_ARC = YES;
				CLANG_ENABLE_OBJC_WEAK = YES;
				CLANG_WARN_BLOCK_CAPTURE_AUTORELEASING = YES;
				CLANG_WARN_BOOL_CONVERSION = YES;
				CLANG_WARN_COMMA = YES;
				CLANG_WARN_CONSTANT_CONVERSION = YES;
				CLANG_WARN_DEPRECATED_OBJC_IMPLEMENTATIONS = YES;
				CLANG_WARN_DIRECT_OBJC_ISA_USAGE = YES_ERROR;
				CLANG_WARN_DOCUMENTATION_COMMENTS = YES;
				CLANG_WARN_EMPTY_BODY = YES;
				CLANG_WARN_ENUM_CONVERSION = YES;
				CLANG_WARN_INFINITE_RECURSION = YES;
				CLANG_WARN_INT_CONVERSION = YES;
				CLANG_WARN_NON_LITERAL_NULL_CONVERSION = YES;
				CLANG_WARN_OBJC_IMPLICIT_RETAIN_SELF = YES;
				CLANG_WARN_OBJC_LITERAL_CONVERSION = YES;
				CLANG_WARN_OBJC_ROOT_CLASS = YES_ERROR;
				CLANG_WARN_QUOTED_INCLUDE_IN_FRAMEWORK_HEADER = YES;
				CLANG_WARN_RANGE_LOOP_ANALYSIS = YES;
				CLANG_WARN_STRICT_PROTOTYPES = YES;
				CLANG_WARN_SUSPICIOUS_MOVE = YES;
				CLANG_WARN_UNGUARDED_AVAILABILITY = YES_AGGRESSIVE;
				CLANG_WARN_UNREACHABLE_CODE = YES;
				CLANG_WARN__DUPLICATE_METHOD_MATCH = YES;
				COPY_PHASE_STRIP = NO;
				DEBUG_INFORMATION_FORMAT = "dwarf-with-dsym";
				DEVELOPMENT_TEAM = SHRUMP529U;
				ENABLE_NS_ASSERTIONS = NO;
				ENABLE_STRICT_OBJC_MSGSEND = YES;
				ENABLE_USER_SCRIPT_SANDBOXING = YES;
				GCC_C_LANGUAGE_STANDARD = gnu17;
				GCC_NO_COMMON_BLOCKS = YES;
				GCC_WARN_64_TO_32_BIT_CONVERSION = YES;
				GCC_WARN_ABOUT_RETURN_TYPE = YES_ERROR;
				GCC_WARN_UNDECLARED_SELECTOR = YES;
				GCC_WARN_UNINITIALIZED_AUTOS = YES_AGGRESSIVE;
				GCC_WARN_UNUSED_FUNCTION = YES;
				GCC_WARN_UNUSED_VARIABLE = YES;
				IPHONEOS_DEPLOYMENT_TARGET = 18.4;
				LOCALIZATION_PREFERS_STRING_CATALOGS = YES;
				MTL_ENABLE_DEBUG_INFO = NO;
				MTL_FAST_MATH = YES;
				SDKROOT = iphoneos;
				SWIFT_COMPILATION_MODE = wholemodule;
				VALIDATE_PRODUCT = YES;
			};
			name = Release;
		};
		3FECBB632DDE40B6006FC78F /* Debug */ = {
			isa = XCBuildConfiguration;
			buildSettings = {
				BUNDLE_LOADER = "$(TEST_HOST)";
				CODE_SIGN_STYLE = Automatic;
				CURRENT_PROJECT_VERSION = 1;
				DEVELOPMENT_TEAM = SHRUMP529U;
				GENERATE_INFOPLIST_FILE = YES;
				IPHONEOS_DEPLOYMENT_TARGET = 18.4;
				MARKETING_VERSION = 1.0;
				PRODUCT_BUNDLE_IDENTIFIER = com.github.penPNG.AuctionAppDemoTests;
				PRODUCT_NAME = "$(TARGET_NAME)";
				SWIFT_EMIT_LOC_STRINGS = NO;
				SWIFT_VERSION = 5.0;
				TARGETED_DEVICE_FAMILY = "1,2";
				TEST_HOST = "$(BUILT_PRODUCTS_DIR)/AuctionAppDemo.app/$(BUNDLE_EXECUTABLE_FOLDER_PATH)/AuctionAppDemo";
			};
			name = Debug;
		};
		3FECBB642DDE40B6006FC78F /* Release */ = {
			isa = XCBuildConfiguration;
			buildSettings = {
				BUNDLE_LOADER = "$(TEST_HOST)";
				CODE_SIGN_STYLE = Automatic;
				CURRENT_PROJECT_VERSION = 1;
				DEVELOPMENT_TEAM = SHRUMP529U;
				GENERATE_INFOPLIST_FILE = YES;
				IPHONEOS_DEPLOYMENT_TARGET = 18.4;
				MARKETING_VERSION = 1.0;
				PRODUCT_BUNDLE_IDENTIFIER = com.github.penPNG.AuctionAppDemoTests;
				PRODUCT_NAME = "$(TARGET_NAME)";
				SWIFT_EMIT_LOC_STRINGS = NO;
				SWIFT_VERSION = 5.0;
				TARGETED_DEVICE_FAMILY = "1,2";
				TEST_HOST = "$(BUILT_PRODUCTS_DIR)/AuctionAppDemo.app/$(BUNDLE_EXECUTABLE_FOLDER_PATH)/AuctionAppDemo";
			};
			name = Release;
		};
		3FECBB662DDE40B6006FC78F /* Debug */ = {
			isa = XCBuildConfiguration;
			buildSettings = {
				CODE_SIGN_STYLE = Automatic;
				CURRENT_PROJECT_VERSION = 1;
				DEVELOPMENT_TEAM = SHRUMP529U;
				GENERATE_INFOPLIST_FILE = YES;
				MARKETING_VERSION = 1.0;
				PRODUCT_BUNDLE_IDENTIFIER = com.github.penPNG.AuctionAppDemoUITests;
				PRODUCT_NAME = "$(TARGET_NAME)";
				SWIFT_EMIT_LOC_STRINGS = NO;
				SWIFT_VERSION = 5.0;
				TARGETED_DEVICE_FAMILY = "1,2";
				TEST_TARGET_NAME = AuctionAppDemo;
			};
			name = Debug;
		};
		3FECBB672DDE40B6006FC78F /* Release */ = {
			isa = XCBuildConfiguration;
			buildSettings = {
				CODE_SIGN_STYLE = Automatic;
				CURRENT_PROJECT_VERSION = 1;
				DEVELOPMENT_TEAM = SHRUMP529U;
				GENERATE_INFOPLIST_FILE = YES;
				MARKETING_VERSION = 1.0;
				PRODUCT_BUNDLE_IDENTIFIER = com.github.penPNG.AuctionAppDemoUITests;
				PRODUCT_NAME = "$(TARGET_NAME)";
				SWIFT_EMIT_LOC_STRINGS = NO;
				SWIFT_VERSION = 5.0;
				TARGETED_DEVICE_FAMILY = "1,2";
				TEST_TARGET_NAME = AuctionAppDemo;
			};
			name = Release;
		};
/* End XCBuildConfiguration section */

/* Begin XCConfigurationList section */
		3FECBB2C2DDE40B4006FC78F /* Build configuration list for PBXProject "AuctionAppDemo" */ = {
			isa = XCConfigurationList;
			buildConfigurations = (
				3FECBB602DDE40B6006FC78F /* Debug */,
				3FECBB612DDE40B6006FC78F /* Release */,
			);
			defaultConfigurationIsVisible = 0;
			defaultConfigurationName = Release;
		};
		3FECBB5D2DDE40B6006FC78F /* Build configuration list for PBXNativeTarget "AuctionAppDemo" */ = {
			isa = XCConfigurationList;
			buildConfigurations = (
				3FECBB5E2DDE40B6006FC78F /* Debug */,
				3FECBB5F2DDE40B6006FC78F /* Release */,
			);
			defaultConfigurationIsVisible = 0;
			defaultConfigurationName = Release;
		};
		3FECBB622DDE40B6006FC78F /* Build configuration list for PBXNativeTarget "AuctionAppDemoTests" */ = {
			isa = XCConfigurationList;
			buildConfigurations = (
				3FECBB632DDE40B6006FC78F /* Debug */,
				3FECBB642DDE40B6006FC78F /* Release */,
			);
			defaultConfigurationIsVisible = 0;
			defaultConfigurationName = Release;
		};
		3FECBB652DDE40B6006FC78F /* Build configuration list for PBXNativeTarget "AuctionAppDemoUITests" */ = {
			isa = XCConfigurationList;
			buildConfigurations = (
				3FECBB662DDE40B6006FC78F /* Debug */,
				3FECBB672DDE40B6006FC78F /* Release */,
			);
			defaultConfigurationIsVisible = 0;
			defaultConfigurationName = Release;
		};
/* End XCConfigurationList section */
	};
	rootObject = 3FECBB292DDE40B4006FC78F /* Project object */;
}
